
Microsoft Visual Studio Solution File, Format Version 12.00
# Visual Studio Version 17
VisualStudioVersion = 17.8.34330.188
MinimumVisualStudioVersion = 10.0.40219.1
Project("{9A19103F-16F7-4668-BE54-9A1E7A4F7556}") = "Domain", "Domain\Domain.csproj", "{590A35F1-5CFE-44E9-8779-04CA0F308B92}"
EndProject
Project("{9A19103F-16F7-4668-BE54-9A1E7A4F7556}") = "API", "API\API.csproj", "{6E2C7DB1-00E5-4979-B262-207A47E8C632}"
EndProject
Project("{9A19103F-16F7-4668-BE54-9A1E7A4F7556}") = "Persistence", "Persistence\Persistence.csproj", "{D6E2E22A-49C7-44C8-83FF-747C68AC2294}"
EndProject
Project("{9A19103F-16F7-4668-BE54-9A1E7A4F7556}") = "Application", "Application\Application.csproj", "{E2DA62C2-DDC4-4C67-8818-9187C8D76A89}"
EndProject
Project("{FAE04EC0-301F-11D3-BF4B-00C04F79EFBC}") = "UnitTesting", "UnitTesting\UnitTesting.csproj", "{6C4BB605-43D4-42F3-96EB-E3C7D8CB4813}"
EndProject
Global
	GlobalSection(SolutionConfigurationPlatforms) = preSolution
		Debug|Any CPU = Debug|Any CPU
		Release|Any CPU = Release|Any CPU
	EndGlobalSection
	GlobalSection(ProjectConfigurationPlatforms) = postSolution
		{590A35F1-5CFE-44E9-8779-04CA0F308B92}.Debug|Any CPU.ActiveCfg = Debug|Any CPU
		{590A35F1-5CFE-44E9-8779-04CA0F308B92}.Debug|Any CPU.Build.0 = Debug|Any CPU
		{590A35F1-5CFE-44E9-8779-04CA0F308B92}.Release|Any CPU.ActiveCfg = Release|Any CPU
		{590A35F1-5CFE-44E9-8779-04CA0F308B92}.Release|Any CPU.Build.0 = Release|Any CPU
		{6E2C7DB1-00E5-4979-B262-207A47E8C632}.Debug|Any CPU.ActiveCfg = Debug|Any CPU
		{6E2C7DB1-00E5-4979-B262-207A47E8C632}.Debug|Any CPU.Build.0 = Debug|Any CPU
		{6E2C7DB1-00E5-4979-B262-207A47E8C632}.Release|Any CPU.ActiveCfg = Release|Any CPU
		{6E2C7DB1-00E5-4979-B262-207A47E8C632}.Release|Any CPU.Build.0 = Release|Any CPU
		{D6E2E22A-49C7-44C8-83FF-747C68AC2294}.Debug|Any CPU.ActiveCfg = Release|Any CPU
		{D6E2E22A-49C7-44C8-83FF-747C68AC2294}.Debug|Any CPU.Build.0 = Release|Any CPU
		{D6E2E22A-49C7-44C8-83FF-747C68AC2294}.Release|Any CPU.ActiveCfg = Release|Any CPU
		{D6E2E22A-49C7-44C8-83FF-747C68AC2294}.Release|Any CPU.Build.0 = Release|Any CPU
		{E2DA62C2-DDC4-4C67-8818-9187C8D76A89}.Debug|Any CPU.ActiveCfg = Debug|Any CPU
		{E2DA62C2-DDC4-4C67-8818-9187C8D76A89}.Debug|Any CPU.Build.0 = Debug|Any CPU
		{E2DA62C2-DDC4-4C67-8818-9187C8D76A89}.Release|Any CPU.ActiveCfg = Release|Any CPU
		{E2DA62C2-DDC4-4C67-8818-9187C8D76A89}.Release|Any CPU.Build.0 = Release|Any CPU
		{6C4BB605-43D4-42F3-96EB-E3C7D8CB4813}.Debug|Any CPU.ActiveCfg = Debug|Any CPU
		{6C4BB605-43D4-42F3-96EB-E3C7D8CB4813}.Debug|Any CPU.Build.0 = Debug|Any CPU
		{6C4BB605-43D4-42F3-96EB-E3C7D8CB4813}.Release|Any CPU.ActiveCfg = Release|Any CPU
		{6C4BB605-43D4-42F3-96EB-E3C7D8CB4813}.Release|Any CPU.Build.0 = Release|Any CPU
	EndGlobalSection
	GlobalSection(SolutionProperties) = preSolution
		HideSolutionNode = FALSE
	EndGlobalSection
	GlobalSection(ExtensibilityGlobals) = postSolution
		SolutionGuid = {BA5B8759-601A-4B8C-9FF7-20AE51416B75}
	EndGlobalSection
EndGlobal
